{
  "name": "svc3",
  "lockfileVersion": 2,
  "requires": true,
  "packages": {
    "": {
      "name": "svc3",
      "dependencies": {
        "rtrim": "^1.0.1"
      }
    },
    "node_modules/rtrim": {
      "version": "1.0.1",
      "resolved": "https://registry.npmjs.org/rtrim/-/rtrim-1.0.1.tgz",
      "integrity": "sha512-vx589BfXim5Kzc4Uoo4gMqe+exq58IzOtZNZV/MOiNs7Zr7tkXHcNvGT2NSpHZW80Lpgm6uiUKRp8YnLK6TATA==",
      "engines": {
        "node": ">=0.10"
      }
    }
  },
  "dependencies": {
    "rtrim": {
      "version": "1.0.1",
      "resolved": "https://registry.npmjs.org/rtrim/-/rtrim-1.0.1.tgz",
      "integrity": "sha512-vx589BfXim5Kzc4Uoo4gMqe+exq58IzOtZNZV/MOiNs7Zr7tkXHcNvGT2NSpHZW80Lpgm6uiUKRp8YnLK6TATA=="
    }
  }
}
