{
  "name": "svc3",
  "lockfileVersion": 2,
  "requires": true,
  "packages": {
    "": {
      "name": "svc3",
      "dependencies": {
        "twas": "^2.1.2"
      }
    },
    "node_modules/twas": {
      "version": "2.1.2",
      "resolved": "https://registry.npmjs.org/twas/-/twas-2.1.2.tgz",
      "integrity": "sha512-B2O+mT0OdBgnXeKEUlvwq/Al5KRLvTcR8Q/tS7kiHWG7T+dq1OOdN7FtWyQlT95eMW7k1raqz8RfUBelceNtfw==",
      "engines": {
        "node": ">=8.9.3"
      }
    }
  },
  "dependencies": {
    "twas": {
      "version": "2.1.2",
      "resolved": "https://registry.npmjs.org/twas/-/twas-2.1.2.tgz",
      "integrity": "sha512-B2O+mT0OdBgnXeKEUlvwq/Al5KRLvTcR8Q/tS7kiHWG7T+dq1OOdN7FtWyQlT95eMW7k1raqz8RfUBelceNtfw=="
    }
  }
}
